// !$*UTF8*$!
{
	archiveVersion = 1;
	classes = {
	};
	objectVersion = 46;
	objects = {

/* Begin PBXBuildFile section */
		ECDB57071E091A3B00A6835F /* main.m in Sources */ = {isa = PBXBuildFile; fileRef = ECDB57061E091A3B00A6835F /* main.m */; };
		ECDB570A1E091A3B00A6835F /* AppDelegate.m in Sources */ = {isa = PBXBuildFile; fileRef = ECDB57091E091A3B00A6835F /* AppDelegate.m */; };
		ECDB570D1E091A3B00A6835F /* ViewController.m in Sources */ = {isa = PBXBuildFile; fileRef = ECDB570C1E091A3B00A6835F /* ViewController.m */; };
		ECDB57101E091A3B00A6835F /* Main.storyboard in Resources */ = {isa = PBXBuildFile; fileRef = ECDB570E1E091A3B00A6835F /* Main.storyboard */; };
		ECDB57121E091A3B00A6835F /* Assets.xcassets in Resources */ = {isa = PBXBuildFile; fileRef = ECDB57111E091A3B00A6835F /* Assets.xcassets */; };
		ECDB57151E091A3B00A6835F /* LaunchScreen.storyboard in Resources */ = {isa = PBXBuildFile; fileRef = ECDB57131E091A3B00A6835F /* LaunchScreen.storyboard */; };
		ECDB571F1E091A8300A6835F /* SKTextView.m in Sources */ = {isa = PBXBuildFile; fileRef = ECDB571E1E091A8300A6835F /* SKTextView.m */; };
/* End PBXBuildFile section */

/* Begin PBXFileReference section */
		ECDB57021E091A3B00A6835F /* SKTextView.app */ = {isa = PBXFileReference; explicitFileType = wrapper.application; includeInIndex = 0; path = SKTextView.app; sourceTree = BUILT_PRODUCTS_DIR; };
		ECDB57061E091A3B00A6835F /* main.m */ = {isa = PBXFileReference; lastKnownFileType = sourcecode.c.objc; path = main.m; sourceTree = "<group>"; };
		ECDB57081E091A3B00A6835F /* AppDelegate.h */ = {isa = PBXFileReference; lastKnownFileType = sourcecode.c.h; path = AppDelegate.h; sourceTree = "<group>"; };
		ECDB57091E091A3B00A6835F /* AppDelegate.m */ = {isa = PBXFileReference; lastKnownFileType = sourcecode.c.objc; path = AppDelegate.m; sourceTree = "<group>"; };
		ECDB570B1E091A3B00A6835F /* ViewController.h */ = {isa = PBXFileReference; lastKnownFileType = sourcecode.c.h; path = ViewController.h; sourceTree = "<group>"; };
		ECDB570C1E091A3B00A6835F /* ViewController.m */ = {isa = PBXFileReference; lastKnownFileType = sourcecode.c.objc; path = ViewController.m; sourceTree = "<group>"; };
		ECDB570F1E091A3B00A6835F /* Base */ = {isa = PBXFileReference; lastKnownFileType = file.storyboard; name = Base; path = Base.lproj/Main.storyboard; sourceTree = "<group>"; };
		ECDB57111E091A3B00A6835F /* Assets.xcassets */ = {isa = PBXFileReference; lastKnownFileType = folder.assetcatalog; path = Assets.xcassets; sourceTree = "<group>"; };
		ECDB57141E091A3B00A6835F /* Base */ = {isa = PBXFileReference; lastKnownFileType = file.storyboard; name = Base; path = Base.lproj/LaunchScreen.storyboard; sourceTree = "<group>"; };
		ECDB57161E091A3B00A6835F /* Info.plist */ = {isa = PBXFileReference; lastKnownFileType = text.plist.xml; path = Info.plist; sourceTree = "<group>"; };
		ECDB571D1E091A8300A6835F /* SKTextView.h */ = {isa = PBXFileReference; fileEncoding = 4; lastKnownFileType = sourcecode.c.h; path = SKTextView.h; sourceTree = "<group>"; };
		ECDB571E1E091A8300A6835F /* SKTextView.m */ = {isa = PBXFileReference; fileEncoding = 4; lastKnownFileType = sourcecode.c.objc; path = SKTextView.m; sourceTree = "<group>"; };
/* End PBXFileReference section */

/* Begin PBXFrameworksBuildPhase section */
		ECDB56FF1E091A3B00A6835F /* Frameworks */ = {
			isa = PBXFrameworksBuildPhase;
			buildActionMask = 2147483647;
			files = (
			);
			runOnlyForDeploymentPostprocessing = 0;
		};
/* End PBXFrameworksBuildPhase section */

/* Begin PBXGroup section */
		ECDB56F91E091A3B00A6835F = {
			isa = PBXGroup;
			children = (
				ECDB57041E091A3B00A6835F /* SKTextView */,
				ECDB57031E091A3B00A6835F /* Products */,
			);
			sourceTree = "<group>";
		};
		ECDB57031E091A3B00A6835F /* Products */ = {
			isa = PBXGroup;
			children = (
				ECDB57021E091A3B00A6835F /* SKTextView.app */,
			);
			name = Products;
			sourceTree = "<group>";
		};
		ECDB57041E091A3B00A6835F /* SKTextView */ = {
			isa = PBXGroup;
			children = (
				ECDB571C1E091A5400A6835F /* SKTextVIew */,
				ECDB57081E091A3B00A6835F /* AppDelegate.h */,
				ECDB57091E091A3B00A6835F /* AppDelegate.m */,
				ECDB570B1E091A3B00A6835F /* ViewController.h */,
				ECDB570C1E091A3B00A6835F /* ViewController.m */,
				ECDB570E1E091A3B00A6835F /* Main.storyboard */,
				ECDB57111E091A3B00A6835F /* Assets.xcassets */,
				ECDB57131E091A3B00A6835F /* LaunchScreen.storyboard */,
				ECDB57161E091A3B00A6835F /* Info.plist */,
				ECDB57051E091A3B00A6835F /* Supporting Files */,
			);
			path = SKTextView;
			sourceTree = "<group>";
		};
		ECDB57051E091A3B00A6835F /* Supporting Files */ = {
			isa = PBXGroup;
			children = (
				ECDB57061E091A3B00A6835F /* main.m */,
			);
			name = "Supporting Files";
			sourceTree = "<group>";
		};
		ECDB571C1E091A5400A6835F /* SKTextVIew */ = {
			isa = PBXGroup;
			children = (
				ECDB571D1E091A8300A6835F /* SKTextView.h */,
				ECDB571E1E091A8300A6835F /* SKTextView.m */,
			);
			path = SKTextVIew;
			sourceTree = "<group>";
		};
/* End PBXGroup section */

/* Begin PBXNativeTarget section */
		ECDB57011E091A3B00A6835F /* SKTextView */ = {
			isa = PBXNativeTarget;
			buildConfigurationList = ECDB57191E091A3B00A6835F /* Build configuration list for PBXNativeTarget "SKTextView" */;
			buildPhases = (
				ECDB56FE1E091A3B00A6835F /* Sources */,
				ECDB56FF1E091A3B00A6835F /* Frameworks */,
				ECDB57001E091A3B00A6835F /* Resources */,
			);
			buildRules = (
			);
			dependencies = (
			);
			name = SKTextView;
			productName = SKTextView;
			productReference = ECDB57021E091A3B00A6835F /* SKTextView.app */;
			productType = "com.apple.product-type.application";
		};
/* End PBXNativeTarget section */

/* Begin PBXProject section */
		ECDB56FA1E091A3B00A6835F /* Project object */ = {
			isa = PBXProject;
			attributes = {
				LastUpgradeCheck = 0810;
				ORGANIZATIONNAME = songke;
				TargetAttributes = {
					ECDB57011E091A3B00A6835F = {
						CreatedOnToolsVersion = 8.1;
						ProvisioningStyle = Automatic;
					};
				};
			};
			buildConfigurationList = ECDB56FD1E091A3B00A6835F /* Build configuration list for PBXProject "SKTextView" */;
			compatibilityVersion = "Xcode 3.2";
			developmentRegion = English;
			hasScannedForEncodings = 0;
			knownRegions = (
				en,
				Base,
			);
			mainGroup = ECDB56F91E091A3B00A6835F;
			productRefGroup = ECDB57031E091A3B00A6835F /* Products */;
			projectDirPath = "";
			projectRoot = "";
			targets = (
				ECDB57011E091A3B00A6835F /* SKTextView */,
			);
		};
/* End PBXProject section */

/* Begin PBXResourcesBuildPhase section */
		ECDB57001E091A3B00A6835F /* Resources */ = {
			isa = PBXResourcesBuildPhase;
			buildActionMask = 2147483647;
			files = (
				ECDB57151E091A3B00A6835F /* LaunchScreen.storyboard in Resources */,
				ECDB57121E091A3B00A6835F /* Assets.xcassets in Resources */,
				ECDB57101E091A3B00A6835F /* Main.storyboard in Resources */,
			);
			runOnlyForDeploymentPostprocessing = 0;
		};
/* End PBXResourcesBuildPhase section */

/* Begin PBXSourcesBuildPhase section */
		ECDB56FE1E091A3B00A6835F /* Sources */ = {
			isa = PBXSourcesBuildPhase;
			buildActionMask = 2147483647;
			files = (
				ECDB570D1E091A3B00A6835F /* ViewController.m in Sources */,
				ECDB571F1E091A8300A6835F /* SKTextView.m in Sources */,
				ECDB570A1E091A3B00A6835F /* AppDelegate.m in Sources */,
				ECDB57071E091A3B00A6835F /* main.m in Sources */,
			);
			runOnlyForDeploymentPostprocessing = 0;
		};
/* End PBXSourcesBuildPhase section */

/* Begin PBXVariantGroup section */
		ECDB570E1E091A3B00A6835F /* Main.storyboard */ = {
			isa = PBXVariantGroup;
			children = (
				ECDB570F1E091A3B00A6835F /* Base */,
			);
			name = Main.storyboard;
			sourceTree = "<group>";
		};
		ECDB57131E091A3B00A6835F /* LaunchScreen.storyboard */ = {
			isa = PBXVariantGroup;
			children = (
				ECDB57141E091A3B00A6835F /* Base */,
			);
			name = LaunchScreen.storyboard;
			sourceTree = "<group>";
		};
/* End PBXVariantGroup section */

/* Begin XCBuildConfiguration section */
		ECDB57171E091A3B00A6835F /* Debug */ = {
			isa = XCBuildConfiguration;
			buildSettings = {
				ALWAYS_SEARCH_USER_PATHS = NO;
				CLANG_ANALYZER_NONNULL = YES;
				CLANG_CXX_LANGUAGE_STANDARD = "gnu++0x";
				CLANG_CXX_LIBRARY = "libc++";
				CLANG_ENABLE_MODULES = YES;
				CLANG_ENABLE_OBJC_ARC = YES;
				CLANG_WARN_BOOL_CONVERSION = YES;
				CLANG_WARN_CONSTANT_CONVERSION = YES;
				CLANG_WARN_DIRECT_OBJC_ISA_USAGE = YES_ERROR;
				CLANG_WARN_DOCUMENTATION_COMMENTS = YES;
				CLANG_WARN_EMPTY_BODY = YES;
				CLANG_WARN_ENUM_CONVERSION = YES;
				CLANG_WARN_INFINITE_RECURSION = YES;
				CLANG_WARN_INT_CONVERSION = YES;
				CLANG_WARN_OBJC_ROOT_CLASS = YES_ERROR;
				CLANG_WARN_SUSPICIOUS_MOVES = YES;
				CLANG_WARN_UNREACHABLE_CODE = YES;
				CLANG_WARN__DUPLICATE_METHOD_MATCH = YES;
				"CODE_SIGN_IDENTITY[sdk=iphoneos*]" = "iPhone Developer";
				COPY_PHASE_STRIP = NO;
				DEBUG_INFORMATION_FORMAT = dwarf;
				ENABLE_STRICT_OBJC_MSGSEND = YES;
				ENABLE_TESTABILITY = YES;
				GCC_C_LANGUAGE_STANDARD = gnu99;
				GCC_DYNAMIC_NO_PIC = NO;
				GCC_NO_COMMON_BLOCKS = YES;
				GCC_OPTIMIZATION_LEVEL = 0;
				GCC_PREPROCESSOR_DEFINITIONS = (
					"DEBUG=1",
					"$(inherited)",
				);
				GCC_WARN_64_TO_32_BIT_CONVERSION = YES;
				GCC_WARN_ABOUT_RETURN_TYPE = YES_ERROR;
				GCC_WARN_UNDECLARED_SELECTOR = YES;
				GCC_WARN_UNINITIALIZED_AUTOS = YES_AGGRESSIVE;
				GCC_WARN_UNUSED_FUNCTION = YES;
				GCC_WARN_UNUSED_VARIABLE = YES;
				IPHONEOS_DEPLOYMENT_TARGET = 10.1;
				MTL_ENABLE_DEBUG_INFO = YES;
				ONLY_ACTIVE_ARCH = YES;
				SDKROOT = iphoneos;
				TARGETED_DEVICE_FAMILY = "1,2";
			};
			name = Debug;
		};
		ECDB57181E091A3B00A6835F /* Release */ = {
			isa = XCBuildConfiguration;
			buildSettings = {
				ALWAYS_SEARCH_USER_PATHS = NO;
				CLANG_ANALYZER_NONNULL = YES;
				CLANG_CXX_LANGUAGE_STANDARD = "gnu++0x";
				CLANG_CXX_LIBRARY = "libc++";
				CLANG_ENABLE_MODULES = YES;
				CLANG_ENABLE_OBJC_ARC = YES;
				CLANG_WARN_BOOL_CONVERSION = YES;
				CLANG_WARN_CONSTANT_CONVERSION = YES;
				CLANG_WARN_DIRECT_OBJC_ISA_USAGE = YES_ERROR;
				CLANG_WARN_DOCUMENTATION_COMMENTS = YES;
				CLANG_WARN_EMPTY_BODY = YES;
				CLANG_WARN_ENUM_CONVERSION = YES;
				CLANG_WARN_INFINITE_RECURSION = YES;
				CLANG_WARN_INT_CONVERSION = YES;
				CLANG_WARN_OBJC_ROOT_CLASS = YES_ERROR;
				CLANG_WARN_SUSPICIOUS_MOVES = YES;
				CLANG_WARN_UNREACHABLE_CODE = YES;
				CLANG_WARN__DUPLICATE_METHOD_MATCH = YES;
				"CODE_SIGN_IDENTITY[sdk=iphoneos*]" = "iPhone Developer";
				COPY_PHASE_STRIP = NO;
				DEBUG_INFORMATION_FORMAT = "dwarf-with-dsym";
				ENABLE_NS_ASSERTIONS = NO;
				ENABLE_STRICT_OBJC_MSGSEND = YES;
				GCC_C_LANGUAGE_STANDARD = gnu99;
				GCC_NO_COMMON_BLOCKS = YES;
				GCC_WARN_64_TO_32_BIT_CONVERSION = YES;
				GCC_WARN_ABOUT_RETURN_TYPE = YES_ERROR;
				GCC_WARN_UNDECLARED_SELECTOR = YES;
				GCC_WARN_UNINITIALIZED_AUTOS = YES_AGGRESSIVE;
				GCC_WARN_UNUSED_FUNCTION = YES;
				GCC_WARN_UNUSED_VARIABLE = YES;
				IPHONEOS_DEPLOYMENT_TARGET = 10.1;
				MTL_ENABLE_DEBUG_INFO = NO;
				SDKROOT = iphoneos;
				TARGETED_DEVICE_FAMILY = "1,2";
				VALIDATE_PRODUCT = YES;
			};
			name = Release;
		};
		ECDB571A1E091A3B00A6835F /* Debug */ = {
			isa = XCBuildConfiguration;
			buildSettings = {
				ASSETCATALOG_COMPILER_APPICON_NAME = AppIcon;
				INFOPLIST_FILE = SKTextView/Info.plist;
				LD_RUNPATH_SEARCH_PATHS = "$(inherited) @executable_path/Frameworks";
				PRODUCT_BUNDLE_IDENTIFIER = SONGKE.SKTextView;
				PRODUCT_NAME = "$(TARGET_NAME)";
			};
			name = Debug;
		};
		ECDB571B1E091A3B00A6835F /* Release */ = {
			isa = XCBuildConfiguration;
			buildSettings = {
				ASSETCATALOG_COMPILER_APPICON_NAME = AppIcon;
				INFOPLIST_FILE = SKTextView/Info.plist;
				LD_RUNPATH_SEARCH_PATHS = "$(inherited) @executable_path/Frameworks";
				PRODUCT_BUNDLE_IDENTIFIER = SONGKE.SKTextView;
				PRODUCT_NAME = "$(TARGET_NAME)";
			};
			name = Release;
		};
/* End XCBuildConfiguration section */

/* Begin XCConfigurationList section */
		ECDB56FD1E091A3B00A6835F /* Build configuration list for PBXProject "SKTextView" */ = {
			isa = XCConfigurationList;
			buildConfigurations = (
				ECDB57171E091A3B00A6835F /* Debug */,
				ECDB57181E091A3B00A6835F /* Release */,
			);
			defaultConfigurationIsVisible = 0;
			defaultConfigurationName = Release;
		};
		ECDB57191E091A3B00A6835F /* Build configuration list for PBXNativeTarget "SKTextView" */ = {
			isa = XCConfigurationList;
			buildConfigurations = (
				ECDB571A1E091A3B00A6835F /* Debug */,
				ECDB571B1E091A3B00A6835F /* Release */,
			);
			defaultConfigurationIsVisible = 0;
		};
/* End XCConfigurationList section */
	};
	rootObject = ECDB56FA1E091A3B00A6835F /* Project object */;
}
